
Microsoft Visual Studio Solution File, Format Version 12.00
# Visual Studio Version 17
VisualStudioVersion = 17.11.35312.102
MinimumVisualStudioVersion = 10.0.40219.1
Project("{FAE04EC0-301F-11D3-BF4B-00C04F79EFBC}") = "233606_LabMid(main_file)", "233606_LabMid(main_file).csproj", "{B96A984D-C7D0-4E8B-BCB5-3867E73CF754}"
EndProject
Global
	GlobalSection(SolutionConfigurationPlatforms) = preSolution
		Debug|Any CPU = Debug|Any CPU
		Release|Any CPU = Release|Any CPU
	EndGlobalSection
	GlobalSection(ProjectConfigurationPlatforms) = postSolution
		{B96A984D-C7D0-4E8B-BCB5-3867E73CF754}.Debug|Any CPU.ActiveCfg = Debug|Any CPU
		{B96A984D-C7D0-4E8B-BCB5-3867E73CF754}.Debug|Any CPU.Build.0 = Debug|Any CPU
		{B96A984D-C7D0-4E8B-BCB5-3867E73CF754}.Release|Any CPU.ActiveCfg = Release|Any CPU
		{B96A984D-C7D0-4E8B-BCB5-3867E73CF754}.Release|Any CPU.Build.0 = Release|Any CPU
	EndGlobalSection
	GlobalSection(SolutionProperties) = preSolution
		HideSolutionNode = FALSE
	EndGlobalSection
	GlobalSection(ExtensibilityGlobals) = postSolution
		SolutionGuid = {86262A6B-D414-47FB-8A0C-4BA1E6BF28E3}
	EndGlobalSection
EndGlobal
